
Microsoft Visual Studio Solution File, Format Version 12.00
# Visual Studio Version 17
VisualStudioVersion = 17.9.34616.47
MinimumVisualStudioVersion = 10.0.40219.1
Project("{778DAE3C-4631-46EA-AA77-85C1314464D9}") = "BSI_Info_BO", "BSI_Info_Apps\BSI_Info_BO.vbproj", "{BC0F0174-11C6-42C5-9364-181505A66303}"
EndProject
Project("{778DAE3C-4631-46EA-AA77-85C1314464D9}") = "DAL", "DAL\DAL.vbproj", "{6C7DE13D-BC3E-4F1A-B0F6-D8099F0EBCA2}"
EndProject
Project("{F184B08F-C81C-45F6-A57F-5ABD9991F28F}") = "BSI_info_Webform", "BSI_info_Webform\BSI_info_Webform.vbproj", "{01E42B1E-A7A4-40D1-8F95-8CAC3D3E74DB}"
EndProject
Project("{9A19103F-16F7-4668-BE54-9A1E7A4F7556}") = "BSI_Info_BLL", "BSI_Info_BLL\BSI_Info_BLL.csproj", "{724F528F-5AFC-45B5-87C9-01EF309CE2BF}"
EndProject
Project("{FAE04EC0-301F-11D3-BF4B-00C04F79EFBC}") = "BSI_Info_MVC", "BSI_Info_MVC\BSI_Info_MVC.csproj", "{144630D8-ABBF-4C33-9C51-FD4AEF25EC88}"
EndProject
Global
	GlobalSection(SolutionConfigurationPlatforms) = preSolution
		Debug|Any CPU = Debug|Any CPU
		Release|Any CPU = Release|Any CPU
	EndGlobalSection
	GlobalSection(ProjectConfigurationPlatforms) = postSolution
		{BC0F0174-11C6-42C5-9364-181505A66303}.Debug|Any CPU.ActiveCfg = Debug|Any CPU
		{BC0F0174-11C6-42C5-9364-181505A66303}.Debug|Any CPU.Build.0 = Debug|Any CPU
		{BC0F0174-11C6-42C5-9364-181505A66303}.Release|Any CPU.ActiveCfg = Release|Any CPU
		{BC0F0174-11C6-42C5-9364-181505A66303}.Release|Any CPU.Build.0 = Release|Any CPU
		{6C7DE13D-BC3E-4F1A-B0F6-D8099F0EBCA2}.Debug|Any CPU.ActiveCfg = Debug|Any CPU
		{6C7DE13D-BC3E-4F1A-B0F6-D8099F0EBCA2}.Debug|Any CPU.Build.0 = Debug|Any CPU
		{6C7DE13D-BC3E-4F1A-B0F6-D8099F0EBCA2}.Release|Any CPU.ActiveCfg = Release|Any CPU
		{6C7DE13D-BC3E-4F1A-B0F6-D8099F0EBCA2}.Release|Any CPU.Build.0 = Release|Any CPU
		{01E42B1E-A7A4-40D1-8F95-8CAC3D3E74DB}.Debug|Any CPU.ActiveCfg = Debug|Any CPU
		{01E42B1E-A7A4-40D1-8F95-8CAC3D3E74DB}.Debug|Any CPU.Build.0 = Debug|Any CPU
		{01E42B1E-A7A4-40D1-8F95-8CAC3D3E74DB}.Release|Any CPU.ActiveCfg = Release|Any CPU
		{01E42B1E-A7A4-40D1-8F95-8CAC3D3E74DB}.Release|Any CPU.Build.0 = Release|Any CPU
		{724F528F-5AFC-45B5-87C9-01EF309CE2BF}.Debug|Any CPU.ActiveCfg = Debug|Any CPU
		{724F528F-5AFC-45B5-87C9-01EF309CE2BF}.Debug|Any CPU.Build.0 = Debug|Any CPU
		{724F528F-5AFC-45B5-87C9-01EF309CE2BF}.Release|Any CPU.ActiveCfg = Release|Any CPU
		{724F528F-5AFC-45B5-87C9-01EF309CE2BF}.Release|Any CPU.Build.0 = Release|Any CPU
		{144630D8-ABBF-4C33-9C51-FD4AEF25EC88}.Debug|Any CPU.ActiveCfg = Debug|Any CPU
		{144630D8-ABBF-4C33-9C51-FD4AEF25EC88}.Debug|Any CPU.Build.0 = Debug|Any CPU
		{144630D8-ABBF-4C33-9C51-FD4AEF25EC88}.Release|Any CPU.ActiveCfg = Release|Any CPU
		{144630D8-ABBF-4C33-9C51-FD4AEF25EC88}.Release|Any CPU.Build.0 = Release|Any CPU
	EndGlobalSection
	GlobalSection(SolutionProperties) = preSolution
		HideSolutionNode = FALSE
	EndGlobalSection
	GlobalSection(ExtensibilityGlobals) = postSolution
		SolutionGuid = {CE928815-3CFF-4EC6-B4DA-6854F79A1CF7}
	EndGlobalSection
EndGlobal
